
Microsoft Visual Studio Solution File, Format Version 12.00
# Visual Studio Version 17
VisualStudioVersion = 17.7.34031.279
MinimumVisualStudioVersion = 10.0.40219.1
Project("{8BC9CEB8-8B4A-11D0-8D11-00A0C91BC942}") = "lab6_2024", "lab6_2024.vcxproj", "{B2E09E29-0AB5-44F4-B493-671F68FC16F6}"
EndProject
Global
	GlobalSection(SolutionConfigurationPlatforms) = preSolution
		Debug|x64 = Debug|x64
		Debug|x86 = Debug|x86
		Release|x64 = Release|x64
		Release|x86 = Release|x86
	EndGlobalSection
	GlobalSection(ProjectConfigurationPlatforms) = postSolution
		{B2E09E29-0AB5-44F4-B493-671F68FC16F6}.Debug|x64.ActiveCfg = Debug|x64
		{B2E09E29-0AB5-44F4-B493-671F68FC16F6}.Debug|x64.Build.0 = Debug|x64
		{B2E09E29-0AB5-44F4-B493-671F68FC16F6}.Debug|x86.ActiveCfg = Debug|Win32
		{B2E09E29-0AB5-44F4-B493-671F68FC16F6}.Debug|x86.Build.0 = Debug|Win32
		{B2E09E29-0AB5-44F4-B493-671F68FC16F6}.Release|x64.ActiveCfg = Release|x64
		{B2E09E29-0AB5-44F4-B493-671F68FC16F6}.Release|x64.Build.0 = Release|x64
		{B2E09E29-0AB5-44F4-B493-671F68FC16F6}.Release|x86.ActiveCfg = Release|Win32
		{B2E09E29-0AB5-44F4-B493-671F68FC16F6}.Release|x86.Build.0 = Release|Win32
	EndGlobalSection
	GlobalSection(SolutionProperties) = preSolution
		HideSolutionNode = FALSE
	EndGlobalSection
	GlobalSection(ExtensibilityGlobals) = postSolution
		SolutionGuid = {6C26A083-90C3-4D98-A6DE-1B43FE47FB6B}
	EndGlobalSection
EndGlobal
